
Microsoft Visual Studio Solution File, Format Version 12.00
# Visual Studio Version 17
VisualStudioVersion = 17.3.32922.545
MinimumVisualStudioVersion = 10.0.40219.1
Project("{2150E333-8FDC-42A3-9474-1A3956D46DE8}") = "src", "src", "{6B1ADE7D-04FE-4E44-8941-F834A1034B84}"
EndProject
Project("{2150E333-8FDC-42A3-9474-1A3956D46DE8}") = "test", "test", "{D1CA3E65-6D50-4207-9FB7-A65C5F93ABC5}"
EndProject
Project("{2150E333-8FDC-42A3-9474-1A3956D46DE8}") = "1. Presentation", "1. Presentation", "{AF9061B0-C0CB-4617-B968-D0140CA757C8}"
EndProject
Project("{2150E333-8FDC-42A3-9474-1A3956D46DE8}") = "2. Application", "2. Application", "{602228B3-FE51-4939-91A6-66DFD0F6C671}"
EndProject
Project("{2150E333-8FDC-42A3-9474-1A3956D46DE8}") = "3. Domain", "3. Domain", "{CC9DD5D3-4AB0-4A98-A711-CB47EDCFD409}"
EndProject
Project("{2150E333-8FDC-42A3-9474-1A3956D46DE8}") = "4. Infrastructure", "4. Infrastructure", "{87A4A6B8-6A61-4D3D-BDD2-94A5EC7F650B}"
EndProject
Project("{9A19103F-16F7-4668-BE54-9A1E7A4F7556}") = "KS.Domain", "src\KS.Domain\KS.Domain.csproj", "{E84DEDFA-B10E-4084-815C-EBA4344436C0}"
EndProject
Project("{9A19103F-16F7-4668-BE54-9A1E7A4F7556}") = "KS.Infrastructure", "src\KS.Infrastructure\KS.Infrastructure.csproj", "{46CF2266-1AAD-44E8-A5B7-0987CF120033}"
EndProject
Project("{2150E333-8FDC-42A3-9474-1A3956D46DE8}") = "1. Presentation", "1. Presentation", "{3A7F4259-AA62-47D9-8FF6-2BDE379AB386}"
EndProject
Project("{2150E333-8FDC-42A3-9474-1A3956D46DE8}") = "2. Application", "2. Application", "{87999ECD-50BF-4526-B376-0F1BF85D29DC}"
EndProject
Project("{2150E333-8FDC-42A3-9474-1A3956D46DE8}") = "3. Domain", "3. Domain", "{BD49DD93-D7B3-4586-8C7B-B839DC02331C}"
EndProject
Project("{2150E333-8FDC-42A3-9474-1A3956D46DE8}") = "4. Infrastructure", "4. Infrastructure", "{C4CAB0EF-18A4-4604-9C29-66085E7680ED}"
EndProject
Project("{9A19103F-16F7-4668-BE54-9A1E7A4F7556}") = "KS.Test.Presentation", "test\KS.Test.Presentation\KS.Test.Presentation.csproj", "{5EF24BA8-1D9D-4639-98C8-0DB3D1CDB534}"
EndProject
Project("{9A19103F-16F7-4668-BE54-9A1E7A4F7556}") = "KS.Test.Application", "test\KS.Test.Application\KS.Test.Application.csproj", "{30AA93F4-E81C-4E35-A5EE-E21B8E1F525B}"
EndProject
Project("{9A19103F-16F7-4668-BE54-9A1E7A4F7556}") = "KS.Test.Domain", "test\KS.Test.Domain\KS.Test.Domain.csproj", "{9930C745-162C-4208-A87E-87720C2F93EA}"
EndProject
Project("{9A19103F-16F7-4668-BE54-9A1E7A4F7556}") = "KS.Test.Infrastructure", "test\KS.Test.Infrastructure\KS.Test.Infrastructure.csproj", "{DEE15BCF-2118-4C2E-B83F-F40D87946E49}"
EndProject
Project("{2150E333-8FDC-42A3-9474-1A3956D46DE8}") = "0. Configuration", "0. Configuration", "{A1823590-49E9-4D71-91C9-B5BB94F3182D}"
EndProject
Project("{9A19103F-16F7-4668-BE54-9A1E7A4F7556}") = "KS.Application", "src\KS.Application\KS.Application.csproj", "{5F196537-1A2C-4A10-99D6-DD2ED550D2AE}"
EndProject
Project("{9A19103F-16F7-4668-BE54-9A1E7A4F7556}") = "KS.Presentation", "src\KS.Presentation\KS.Presentation.csproj", "{BCB04732-0DA8-44C5-B2E1-53212F8D754E}"
EndProject
Project("{9A19103F-16F7-4668-BE54-9A1E7A4F7556}") = "KS.Configuration", "src\KS.Configuration\KS.Configuration.csproj", "{8D000011-31C8-4B77-B83F-4C8B0D66F533}"
EndProject
Project("{9A19103F-16F7-4668-BE54-9A1E7A4F7556}") = "KS.Server", "src\KS.Server\KS.Server.csproj", "{BF872278-7AB3-4E9E-AC35-B5106C48B068}"
EndProject
Project("{FAE04EC0-301F-11D3-BF4B-00C04F79EFBC}") = "KS.Test.Server", "test\KS.Test.Server\KS.Test.Server.csproj", "{60406466-5E28-4F5A-BF01-91F3EB7E00C4}"
EndProject
Global
	GlobalSection(SolutionConfigurationPlatforms) = preSolution
		Debug|Any CPU = Debug|Any CPU
		Release|Any CPU = Release|Any CPU
	EndGlobalSection
	GlobalSection(ProjectConfigurationPlatforms) = postSolution
		{E84DEDFA-B10E-4084-815C-EBA4344436C0}.Debug|Any CPU.ActiveCfg = Debug|Any CPU
		{E84DEDFA-B10E-4084-815C-EBA4344436C0}.Debug|Any CPU.Build.0 = Debug|Any CPU
		{E84DEDFA-B10E-4084-815C-EBA4344436C0}.Release|Any CPU.ActiveCfg = Release|Any CPU
		{E84DEDFA-B10E-4084-815C-EBA4344436C0}.Release|Any CPU.Build.0 = Release|Any CPU
		{46CF2266-1AAD-44E8-A5B7-0987CF120033}.Debug|Any CPU.ActiveCfg = Debug|Any CPU
		{46CF2266-1AAD-44E8-A5B7-0987CF120033}.Debug|Any CPU.Build.0 = Debug|Any CPU
		{46CF2266-1AAD-44E8-A5B7-0987CF120033}.Release|Any CPU.ActiveCfg = Release|Any CPU
		{46CF2266-1AAD-44E8-A5B7-0987CF120033}.Release|Any CPU.Build.0 = Release|Any CPU
		{5EF24BA8-1D9D-4639-98C8-0DB3D1CDB534}.Debug|Any CPU.ActiveCfg = Debug|Any CPU
		{5EF24BA8-1D9D-4639-98C8-0DB3D1CDB534}.Debug|Any CPU.Build.0 = Debug|Any CPU
		{5EF24BA8-1D9D-4639-98C8-0DB3D1CDB534}.Release|Any CPU.ActiveCfg = Release|Any CPU
		{5EF24BA8-1D9D-4639-98C8-0DB3D1CDB534}.Release|Any CPU.Build.0 = Release|Any CPU
		{30AA93F4-E81C-4E35-A5EE-E21B8E1F525B}.Debug|Any CPU.ActiveCfg = Debug|Any CPU
		{30AA93F4-E81C-4E35-A5EE-E21B8E1F525B}.Debug|Any CPU.Build.0 = Debug|Any CPU
		{30AA93F4-E81C-4E35-A5EE-E21B8E1F525B}.Release|Any CPU.ActiveCfg = Release|Any CPU
		{30AA93F4-E81C-4E35-A5EE-E21B8E1F525B}.Release|Any CPU.Build.0 = Release|Any CPU
		{9930C745-162C-4208-A87E-87720C2F93EA}.Debug|Any CPU.ActiveCfg = Debug|Any CPU
		{9930C745-162C-4208-A87E-87720C2F93EA}.Debug|Any CPU.Build.0 = Debug|Any CPU
		{9930C745-162C-4208-A87E-87720C2F93EA}.Release|Any CPU.ActiveCfg = Release|Any CPU
		{9930C745-162C-4208-A87E-87720C2F93EA}.Release|Any CPU.Build.0 = Release|Any CPU
		{DEE15BCF-2118-4C2E-B83F-F40D87946E49}.Debug|Any CPU.ActiveCfg = Debug|Any CPU
		{DEE15BCF-2118-4C2E-B83F-F40D87946E49}.Debug|Any CPU.Build.0 = Debug|Any CPU
		{DEE15BCF-2118-4C2E-B83F-F40D87946E49}.Release|Any CPU.ActiveCfg = Release|Any CPU
		{DEE15BCF-2118-4C2E-B83F-F40D87946E49}.Release|Any CPU.Build.0 = Release|Any CPU
		{5F196537-1A2C-4A10-99D6-DD2ED550D2AE}.Debug|Any CPU.ActiveCfg = Debug|Any CPU
		{5F196537-1A2C-4A10-99D6-DD2ED550D2AE}.Debug|Any CPU.Build.0 = Debug|Any CPU
		{5F196537-1A2C-4A10-99D6-DD2ED550D2AE}.Release|Any CPU.ActiveCfg = Release|Any CPU
		{5F196537-1A2C-4A10-99D6-DD2ED550D2AE}.Release|Any CPU.Build.0 = Release|Any CPU
		{BCB04732-0DA8-44C5-B2E1-53212F8D754E}.Debug|Any CPU.ActiveCfg = Debug|Any CPU
		{BCB04732-0DA8-44C5-B2E1-53212F8D754E}.Debug|Any CPU.Build.0 = Debug|Any CPU
		{BCB04732-0DA8-44C5-B2E1-53212F8D754E}.Release|Any CPU.ActiveCfg = Release|Any CPU
		{BCB04732-0DA8-44C5-B2E1-53212F8D754E}.Release|Any CPU.Build.0 = Release|Any CPU
		{8D000011-31C8-4B77-B83F-4C8B0D66F533}.Debug|Any CPU.ActiveCfg = Debug|Any CPU
		{8D000011-31C8-4B77-B83F-4C8B0D66F533}.Debug|Any CPU.Build.0 = Debug|Any CPU
		{8D000011-31C8-4B77-B83F-4C8B0D66F533}.Release|Any CPU.ActiveCfg = Release|Any CPU
		{8D000011-31C8-4B77-B83F-4C8B0D66F533}.Release|Any CPU.Build.0 = Release|Any CPU
		{BF872278-7AB3-4E9E-AC35-B5106C48B068}.Debug|Any CPU.ActiveCfg = Debug|Any CPU
		{BF872278-7AB3-4E9E-AC35-B5106C48B068}.Debug|Any CPU.Build.0 = Debug|Any CPU
		{BF872278-7AB3-4E9E-AC35-B5106C48B068}.Release|Any CPU.ActiveCfg = Release|Any CPU
		{BF872278-7AB3-4E9E-AC35-B5106C48B068}.Release|Any CPU.Build.0 = Release|Any CPU
		{60406466-5E28-4F5A-BF01-91F3EB7E00C4}.Debug|Any CPU.ActiveCfg = Debug|Any CPU
		{60406466-5E28-4F5A-BF01-91F3EB7E00C4}.Debug|Any CPU.Build.0 = Debug|Any CPU
		{60406466-5E28-4F5A-BF01-91F3EB7E00C4}.Release|Any CPU.ActiveCfg = Release|Any CPU
		{60406466-5E28-4F5A-BF01-91F3EB7E00C4}.Release|Any CPU.Build.0 = Release|Any CPU
	EndGlobalSection
	GlobalSection(SolutionProperties) = preSolution
		HideSolutionNode = FALSE
	EndGlobalSection
	GlobalSection(NestedProjects) = preSolution
		{AF9061B0-C0CB-4617-B968-D0140CA757C8} = {6B1ADE7D-04FE-4E44-8941-F834A1034B84}
		{602228B3-FE51-4939-91A6-66DFD0F6C671} = {6B1ADE7D-04FE-4E44-8941-F834A1034B84}
		{CC9DD5D3-4AB0-4A98-A711-CB47EDCFD409} = {6B1ADE7D-04FE-4E44-8941-F834A1034B84}
		{87A4A6B8-6A61-4D3D-BDD2-94A5EC7F650B} = {6B1ADE7D-04FE-4E44-8941-F834A1034B84}
		{E84DEDFA-B10E-4084-815C-EBA4344436C0} = {CC9DD5D3-4AB0-4A98-A711-CB47EDCFD409}
		{46CF2266-1AAD-44E8-A5B7-0987CF120033} = {87A4A6B8-6A61-4D3D-BDD2-94A5EC7F650B}
		{3A7F4259-AA62-47D9-8FF6-2BDE379AB386} = {D1CA3E65-6D50-4207-9FB7-A65C5F93ABC5}
		{87999ECD-50BF-4526-B376-0F1BF85D29DC} = {D1CA3E65-6D50-4207-9FB7-A65C5F93ABC5}
		{BD49DD93-D7B3-4586-8C7B-B839DC02331C} = {D1CA3E65-6D50-4207-9FB7-A65C5F93ABC5}
		{C4CAB0EF-18A4-4604-9C29-66085E7680ED} = {D1CA3E65-6D50-4207-9FB7-A65C5F93ABC5}
		{5EF24BA8-1D9D-4639-98C8-0DB3D1CDB534} = {3A7F4259-AA62-47D9-8FF6-2BDE379AB386}
		{30AA93F4-E81C-4E35-A5EE-E21B8E1F525B} = {87999ECD-50BF-4526-B376-0F1BF85D29DC}
		{9930C745-162C-4208-A87E-87720C2F93EA} = {BD49DD93-D7B3-4586-8C7B-B839DC02331C}
		{DEE15BCF-2118-4C2E-B83F-F40D87946E49} = {C4CAB0EF-18A4-4604-9C29-66085E7680ED}
		{A1823590-49E9-4D71-91C9-B5BB94F3182D} = {6B1ADE7D-04FE-4E44-8941-F834A1034B84}
		{5F196537-1A2C-4A10-99D6-DD2ED550D2AE} = {602228B3-FE51-4939-91A6-66DFD0F6C671}
		{BCB04732-0DA8-44C5-B2E1-53212F8D754E} = {AF9061B0-C0CB-4617-B968-D0140CA757C8}
		{8D000011-31C8-4B77-B83F-4C8B0D66F533} = {A1823590-49E9-4D71-91C9-B5BB94F3182D}
		{BF872278-7AB3-4E9E-AC35-B5106C48B068} = {CC9DD5D3-4AB0-4A98-A711-CB47EDCFD409}
		{60406466-5E28-4F5A-BF01-91F3EB7E00C4} = {BD49DD93-D7B3-4586-8C7B-B839DC02331C}
	EndGlobalSection
	GlobalSection(ExtensibilityGlobals) = postSolution
		SolutionGuid = {7452048A-C825-4176-98C8-0AE6100B7479}
	EndGlobalSection
EndGlobal
